
Microsoft Visual Studio Solution File, Format Version 12.00
# Visual Studio Version 17
VisualStudioVersion = 17.0.32126.317
MinimumVisualStudioVersion = 10.0.40219.1
Project("{9A19103F-16F7-4668-BE54-9A1E7A4F7556}") = "todoAPI", "todoAPI\todoAPI.csproj", "{D18B2350-5585-44C3-91D5-7D359E48D88A}"
EndProject
Global
	GlobalSection(SolutionConfigurationPlatforms) = preSolution
		Debug|Any CPU = Debug|Any CPU
		Release|Any CPU = Release|Any CPU
	EndGlobalSection
	GlobalSection(ProjectConfigurationPlatforms) = postSolution
		{D18B2350-5585-44C3-91D5-7D359E48D88A}.Debug|Any CPU.ActiveCfg = Debug|Any CPU
		{D18B2350-5585-44C3-91D5-7D359E48D88A}.Debug|Any CPU.Build.0 = Debug|Any CPU
		{D18B2350-5585-44C3-91D5-7D359E48D88A}.Release|Any CPU.ActiveCfg = Release|Any CPU
		{D18B2350-5585-44C3-91D5-7D359E48D88A}.Release|Any CPU.Build.0 = Release|Any CPU
	EndGlobalSection
	GlobalSection(SolutionProperties) = preSolution
		HideSolutionNode = FALSE
	EndGlobalSection
	GlobalSection(ExtensibilityGlobals) = postSolution
		SolutionGuid = {B6BF92AC-3F76-4FE3-AFC9-EAFB9BC22C94}
	EndGlobalSection
EndGlobal
